{
  "name": "client",
  "version": "0.1.0",
  "lockfileVersion": 1,
  "requires": true,
  "dependencies": {
    "@ant-design/colors": {
      "version": "3.2.2",
      "resolved": "https://registry.npmjs.org/@ant-design/colors/-/colors-3.2.2.tgz",
      "integrity": "sha512-YKgNbG2dlzqMhA9NtI3/pbY16m3Yl/EeWBRa+lB1X1YaYxHrxNexiQYCLTWO/uDvAjLFMEDU+zR901waBtMtjQ==",
      "requires": {
        "tinycolor2": "^1.4.1"
      }
    },
    "@ant-design/create-react-context": {
      "version": "0.2.5",
      "resolved": "https://registry.npmjs.org/@ant-design/create-react-context/-/create-react-context-0.2.5.tgz",
      "integrity": "sha512-1rMAa4qgP2lfl/QBH9i78+Gjxtj9FTMpMyDGZsEBW5Kih72EuUo9958mV8PgpRkh4uwPSQ7vVZWXeyNZXVAFDg==",
      "requires": {
        "gud": "^1.0.0",
        "warning": "^4.0.3"
      }
    },
    "@ant-design/icons": {
      "version": "2.1.1",
      "resolved": "https://registry.npmjs.org/@ant-design/icons/-/icons-2.1.1.tgz",
      "integrity": "sha512-jCH+k2Vjlno4YWl6g535nHR09PwCEmTBKAG6VqF+rhkrSPRLfgpU2maagwbZPLjaHuU5Jd1DFQ2KJpQuI6uG8w=="
    },
    "@ant-design/icons-react": {
      "version": "2.0.1",
      "resolved": "https://registry.npmjs.org/@ant-design/icons-react/-/icons-react-2.0.1.tgz",
      "integrity": "sha512-r1QfoltMuruJZqdiKcbPim3d8LNsVPB733U0gZEUSxBLuqilwsW28K2rCTWSMTjmFX7Mfpf+v/wdiFe/XCqThw==",
      "requires": {
        "@ant-design/colors": "^3.1.0",
        "babel-runtime": "^6.26.0"
      }
    },
    "@babel/code-frame": {
      "version": "7.8.3",
      "resolved": "https://registry.npmjs.org/@babel/code-frame/-/code-frame-7.8.3.tgz",
      "integrity": "sha512-a9gxpmdXtZEInkCSHUJDLHZVBgb1QS0jhss4cPP93EW7s+uC5bikET2twEF3KV+7rDblJcmNvTR7VJejqd2C2g==",
      "requires": {
        "@babel/highlight": "^7.8.3"
      }
    },
    "@babel/compat-data": {
      "version": "7.8.6",
      "resolved": "https://registry.npmjs.org/@babel/compat-data/-/compat-data-7.8.6.tgz",
      "integrity": "sha512-CurCIKPTkS25Mb8mz267vU95vy+TyUpnctEX2lV33xWNmHAfjruztgiPBbXZRh3xZZy1CYvGx6XfxyTVS+sk7Q==",
      "requires": {
        "browserslist": "^4.8.5",
        "invariant": "^2.2.4",
        "semver": "^5.5.0"
      },
      "dependencies": {
        "semver": {
          "version": "5.7.1",
          "resolved": "https://registry.npmjs.org/semver/-/semver-5.7.1.tgz",
          "integrity": "sha512-sauaDf/PZdVgrLTNYHRtpXa1iRiKcaebiKQ1BJdpQlWH2lCvexQdX55snPFyK7QzpudqbCI0qXFfOasHdyNDGQ=="
  